
Microsoft Visual Studio Solution File, Format Version 12.00
# Visual Studio Version 16
VisualStudioVersion = 16.0.29519.87
MinimumVisualStudioVersion = 10.0.40219.1
Project("{9A19103F-16F7-4668-BE54-9A1E7A4F7556}") = "SuperTienda.ServiceApp", "SuperTienda.ServiceApp\SuperTienda.ServiceApp.csproj", "{BC1E3188-EB4F-470E-8842-1ECF33746091}"
EndProject
Project("{2150E333-8FDC-42A3-9474-1A3956D46DE8}") = "1.0 ServiceApp", "1.0 ServiceApp", "{F31A976D-DFEB-4283-99FD-198348748A86}"
EndProject
Project("{2150E333-8FDC-42A3-9474-1A3956D46DE8}") = "2.0 BusinessLayer", "2.0 BusinessLayer", "{481E2B57-ADDA-4A7E-91DF-6CB1ABC3A5CD}"
EndProject
Project("{2150E333-8FDC-42A3-9474-1A3956D46DE8}") = "3.0 DataAccess", "3.0 DataAccess", "{656CEED4-739C-4FF8-AA5A-7DDC4C4BB30F}"
EndProject
Project("{2150E333-8FDC-42A3-9474-1A3956D46DE8}") = "4.0 Common", "4.0 Common", "{BA7E0F40-807F-425C-97E6-45D9DD06743D}"
EndProject
Project("{FAE04EC0-301F-11D3-BF4B-00C04F79EFBC}") = "SuperTienda.Common", "SuperTienda.Common\SuperTienda.Common.csproj", "{936BD719-52F8-48C3-8436-08B80FE1866E}"
EndProject
Project("{FAE04EC0-301F-11D3-BF4B-00C04F79EFBC}") = "SuperTienda.DataAccess", "SuperTienda.DataAccess\SuperTienda.DataAccess.csproj", "{F8E21F85-6655-4EF6-A4F5-7AEADCE327F7}"
EndProject
Project("{FAE04EC0-301F-11D3-BF4B-00C04F79EFBC}") = "SuperTienda.BusinessLayer", "SuperTienda.BusinessLayer\SuperTienda.BusinessLayer.csproj", "{3452C80C-8796-4423-A4FF-BE96DD608A75}"
EndProject
Global
	GlobalSection(SolutionConfigurationPlatforms) = preSolution
		Debug|Any CPU = Debug|Any CPU
		Release|Any CPU = Release|Any CPU
	EndGlobalSection
	GlobalSection(ProjectConfigurationPlatforms) = postSolution
		{BC1E3188-EB4F-470E-8842-1ECF33746091}.Debug|Any CPU.ActiveCfg = Debug|Any CPU
		{BC1E3188-EB4F-470E-8842-1ECF33746091}.Debug|Any CPU.Build.0 = Debug|Any CPU
		{BC1E3188-EB4F-470E-8842-1ECF33746091}.Release|Any CPU.ActiveCfg = Release|Any CPU
		{BC1E3188-EB4F-470E-8842-1ECF33746091}.Release|Any CPU.Build.0 = Release|Any CPU
		{936BD719-52F8-48C3-8436-08B80FE1866E}.Debug|Any CPU.ActiveCfg = Debug|Any CPU
		{936BD719-52F8-48C3-8436-08B80FE1866E}.Debug|Any CPU.Build.0 = Debug|Any CPU
		{936BD719-52F8-48C3-8436-08B80FE1866E}.Release|Any CPU.ActiveCfg = Release|Any CPU
		{936BD719-52F8-48C3-8436-08B80FE1866E}.Release|Any CPU.Build.0 = Release|Any CPU
		{F8E21F85-6655-4EF6-A4F5-7AEADCE327F7}.Debug|Any CPU.ActiveCfg = Debug|Any CPU
		{F8E21F85-6655-4EF6-A4F5-7AEADCE327F7}.Debug|Any CPU.Build.0 = Debug|Any CPU
		{F8E21F85-6655-4EF6-A4F5-7AEADCE327F7}.Release|Any CPU.ActiveCfg = Release|Any CPU
		{F8E21F85-6655-4EF6-A4F5-7AEADCE327F7}.Release|Any CPU.Build.0 = Release|Any CPU
		{3452C80C-8796-4423-A4FF-BE96DD608A75}.Debug|Any CPU.ActiveCfg = Debug|Any CPU
		{3452C80C-8796-4423-A4FF-BE96DD608A75}.Debug|Any CPU.Build.0 = Debug|Any CPU
		{3452C80C-8796-4423-A4FF-BE96DD608A75}.Release|Any CPU.ActiveCfg = Release|Any CPU
		{3452C80C-8796-4423-A4FF-BE96DD608A75}.Release|Any CPU.Build.0 = Release|Any CPU
	EndGlobalSection
	GlobalSection(SolutionProperties) = preSolution
		HideSolutionNode = FALSE
	EndGlobalSection
	GlobalSection(NestedProjects) = preSolution
		{BC1E3188-EB4F-470E-8842-1ECF33746091} = {F31A976D-DFEB-4283-99FD-198348748A86}
		{936BD719-52F8-48C3-8436-08B80FE1866E} = {BA7E0F40-807F-425C-97E6-45D9DD06743D}
		{F8E21F85-6655-4EF6-A4F5-7AEADCE327F7} = {656CEED4-739C-4FF8-AA5A-7DDC4C4BB30F}
		{3452C80C-8796-4423-A4FF-BE96DD608A75} = {481E2B57-ADDA-4A7E-91DF-6CB1ABC3A5CD}
	EndGlobalSection
	GlobalSection(ExtensibilityGlobals) = postSolution
		SolutionGuid = {4266C30C-4996-4D76-8C5F-90F599882766}
	EndGlobalSection
EndGlobal
